// !$*UTF8*$!
{
	archiveVersion = 1;
	classes = {
	};
	objectVersion = 50;
	objects = {

/* Begin PBXBuildFile section */
		9951B7E523914BE700A897FF /* AppDelegate.swift in Sources */ = {isa = PBXBuildFile; fileRef = 9951B7E423914BE700A897FF /* AppDelegate.swift */; };
		9951B7E723914BE700A897FF /* SceneDelegate.swift in Sources */ = {isa = PBXBuildFile; fileRef = 9951B7E623914BE700A897FF /* SceneDelegate.swift */; };
		9951B7E923914BE700A897FF /* ViewController.swift in Sources */ = {isa = PBXBuildFile; fileRef = 9951B7E823914BE700A897FF /* ViewController.swift */; };
		9951B7EC23914BE700A897FF /* Main.storyboard in Resources */ = {isa = PBXBuildFile; fileRef = 9951B7EA23914BE700A897FF /* Main.storyboard */; };
		9951B7EE23914BE900A897FF /* Assets.xcassets in Resources */ = {isa = PBXBuildFile; fileRef = 9951B7ED23914BE900A897FF /* Assets.xcassets */; };
		9951B7F123914BE900A897FF /* LaunchScreen.storyboard in Resources */ = {isa = PBXBuildFile; fileRef = 9951B7EF23914BE900A897FF /* LaunchScreen.storyboard */; };
		9951B7F923914BFD00A897FF /* PhysicEffectsViewController.swift in Sources */ = {isa = PBXBuildFile; fileRef = 9951B7F823914BFD00A897FF /* PhysicEffectsViewController.swift */; };
		9951B7FC2391528100A897FF /* physics.gif in Resources */ = {isa = PBXBuildFile; fileRef = 9951B7FB2391528100A897FF /* physics.gif */; };
/* End PBXBuildFile section */

/* Begin PBXFileReference section */
		9951B7E123914BE700A897FF /* PhysicsEffectDemo.app */ = {isa = PBXFileReference; explicitFileType = wrapper.application; includeInIndex = 0; path = PhysicsEffectDemo.app; sourceTree = BUILT_PRODUCTS_DIR; };
		9951B7E423914BE700A897FF /* AppDelegate.swift */ = {isa = PBXFileReference; lastKnownFileType = sourcecode.swift; path = AppDelegate.swift; sourceTree = "<group>"; };
		9951B7E623914BE700A897FF /* SceneDelegate.swift */ = {isa = PBXFileReference; lastKnownFileType = sourcecode.swift; path = SceneDelegate.swift; sourceTree = "<group>"; };
		9951B7E823914BE700A897FF /* ViewController.swift */ = {isa = PBXFileReference; lastKnownFileType = sourcecode.swift; path = ViewController.swift; sourceTree = "<group>"; };
		9951B7EB23914BE700A897FF /* Base */ = {isa = PBXFileReference; lastKnownFileType = file.storyboard; name = Base; path = Base.lproj/Main.storyboard; sourceTree = "<group>"; };
		9951B7ED23914BE900A897FF /* Assets.xcassets */ = {isa = PBXFileReference; lastKnownFileType = folder.assetcatalog; path = Assets.xcassets; sourceTree = "<group>"; };
		9951B7F023914BE900A897FF /* Base */ = {isa = PBXFileReference; lastKnownFileType = file.storyboard; name = Base; path = Base.lproj/LaunchScreen.storyboard; sourceTree = "<group>"; };
		9951B7F223914BE900A897FF /* Info.plist */ = {isa = PBXFileReference; lastKnownFileType = text.plist.xml; path = Info.plist; sourceTree = "<group>"; };
		9951B7F823914BFD00A897FF /* PhysicEffectsViewController.swift */ = {isa = PBXFileReference; fileEncoding = 4; lastKnownFileType = sourcecode.swift; path = PhysicEffectsViewController.swift; sourceTree = "<group>"; };
		9951B7FA23914FB600A897FF /* README.md */ = {isa = PBXFileReference; lastKnownFileType = net.daringfireball.markdown; path = README.md; sourceTree = "<group>"; };
		9951B7FB2391528100A897FF /* physics.gif */ = {isa = PBXFileReference; lastKnownFileType = image.gif; path = physics.gif; sourceTree = "<group>"; };
/* End PBXFileReference section */

/* Begin PBXFrameworksBuildPhase section */
		9951B7DE23914BE700A897FF /* Frameworks */ = {
			isa = PBXFrameworksBuildPhase;
			buildActionMask = 2147483647;
			files = (
			);
			runOnlyForDeploymentPostprocessing = 0;
		};
/* End PBXFrameworksBuildPhase section */

/* Begin PBXGroup section */
		9951B7D823914BE700A897FF = {
			isa = PBXGroup;
			children = (
				9951B7FB2391528100A897FF /* physics.gif */,
				9951B7FA23914FB600A897FF /* README.md */,
				9951B7E323914BE700A897FF /* PhysicsEffectDemo */,
				9951B7E223914BE700A897FF /* Products */,
			);
			sourceTree = "<group>";
		};
		9951B7E223914BE700A897FF /* Products */ = {
			isa = PBXGroup;
			children = (
				9951B7E123914BE700A897FF /* PhysicsEffectDemo.app */,
			);
			name = Products;
			sourceTree = "<group>";
		};
		9951B7E323914BE700A897FF /* PhysicsEffectDemo */ = {
			isa = PBXGroup;
			children = (
				9951B7E423914BE700A897FF /* AppDelegate.swift */,
				9951B7E623914BE700A897FF /* SceneDelegate.swift */,
				9951B7E823914BE700A897FF /* ViewController.swift */,
				9951B7F823914BFD00A897FF /* PhysicEffectsViewController.swift */,
				9951B7EA23914BE700A897FF /* Main.storyboard */,
				9951B7ED23914BE900A897FF /* Assets.xcassets */,
				9951B7EF23914BE900A897FF /* LaunchScreen.storyboard */,
				9951B7F223914BE900A897FF /* Info.plist */,
			);
			path = PhysicsEffectDemo;
			sourceTree = "<group>";
		};
/* End PBXGroup section */

/* Begin PBXNativeTarget section */
		9951B7E023914BE700A897FF /* PhysicsEffectDemo */ = {
			isa = PBXNativeTarget;
			buildConfigurationList = 9951B7F523914BE900A897FF /* Build configuration list for PBXNativeTarget "PhysicsEffectDemo" */;
			buildPhases = (
				9951B7DD23914BE700A897FF /* Sources */,
				9951B7DE23914BE700A897FF /* Frameworks */,
				9951B7DF23914BE700A897FF /* Resources */,
			);
			buildRules = (
			);
			dependencies = (
			);
			name = PhysicsEffectDemo;
			productName = PhysicsEffectDemo;
			productReference = 9951B7E123914BE700A897FF /* PhysicsEffectDemo.app */;
			productType = "com.apple.product-type.application";
		};
/* End PBXNativeTarget section */

/* Begin PBXProject section */
		9951B7D923914BE700A897FF /* Project object */ = {
			isa = PBXProject;
			attributes = {
				LastSwiftUpdateCheck = 1110;
				LastUpgradeCheck = 1110;
				ORGANIZATIONNAME = Freniche;
				TargetAttributes = {
					9951B7E023914BE700A897FF = {
						CreatedOnToolsVersion = 11.1;
					};
				};
			};
			buildConfigurationList = 9951B7DC23914BE700A897FF /* Build configuration list for PBXProject "PhysicsEffectDemo" */;
			compatibilityVersion = "Xcode 9.3";
			developmentRegion = en;
			hasScannedForEncodings = 0;
			knownRegions = (
				en,
				Base,
			);
			mainGroup = 9951B7D823914BE700A897FF;
			productRefGroup = 9951B7E223914BE700A897FF /* Products */;
			projectDirPath = "";
			projectRoot = "";
			targets = (
				9951B7E023914BE700A897FF /* PhysicsEffectDemo */,
			);
		};
/* End PBXProject section */

/* Begin PBXResourcesBuildPhase section */
		9951B7DF23914BE700A897FF /* Resources */ = {
			isa = PBXResourcesBuildPhase;
			buildActionMask = 2147483647;
			files = (
				9951B7F123914BE900A897FF /* LaunchScreen.storyboard in Resources */,
				9951B7EE23914BE900A897FF /* Assets.xcassets in Resources */,
				9951B7FC2391528100A897FF /* physics.gif in Resources */,
				9951B7EC23914BE700A897FF /* Main.storyboard in Resources */,
			);
			runOnlyForDeploymentPostprocessing = 0;
		};
/* End PBXResourcesBuildPhase section */

/* Begin PBXSourcesBuildPhase section */
		9951B7DD23914BE700A897FF /* Sources */ = {
			isa = PBXSourcesBuildPhase;
			buildActionMask = 2147483647;
			files = (
				9951B7E923914BE700A897FF /* ViewController.swift in Sources */,
				9951B7F923914BFD00A897FF /* PhysicEffectsViewController.swift in Sources */,
				9951B7E523914BE700A897FF /* AppDelegate.swift in Sources */,
				9951B7E723914BE700A897FF /* SceneDelegate.swift in Sources */,
			);
			runOnlyForDeploymentPostprocessing = 0;
		};
/* End PBXSourcesBuildPhase section */

/* Begin PBXVariantGroup section */
		9951B7EA23914BE700A897FF /* Main.storyboard */ = {
			isa = PBXVariantGroup;
			children = (
				9951B7EB23914BE700A897FF /* Base */,
			);
			name = Main.storyboard;
			sourceTree = "<group>";
		};
		9951B7EF23914BE900A897FF /* LaunchScreen.storyboard */ = {
			isa = PBXVariantGroup;
			children = (
				9951B7F023914BE900A897FF /* Base */,
			);
			name = LaunchScreen.storyboard;
			sourceTree = "<group>";
		};
/* End PBXVariantGroup section */

/* Begin XCBuildConfiguration section */
		9951B7F323914BE900A897FF /* Debug */ = {
			isa = XCBuildConfiguration;
			buildSettings = {
				ALWAYS_SEARCH_USER_PATHS = NO;
				CLANG_ANALYZER_NONNULL = YES;
				CLANG_ANALYZER_NUMBER_OBJECT_CONVERSION = YES_AGGRESSIVE;
				CLANG_CXX_LANGUAGE_STANDARD = "gnu++14";
				CLANG_CXX_LIBRARY = "libc++";
				CLANG_ENABLE_MODULES = YES;
				CLANG_ENABLE_OBJC_ARC = YES;
				CLANG_ENABLE_OBJC_WEAK = YES;
				CLANG_WARN_BLOCK_CAPTURE_AUTORELEASING = YES;
				CLANG_WARN_BOOL_CONVERSION = YES;
				CLANG_WARN_COMMA = YES;
				CLANG_WARN_CONSTANT_CONVERSION = YES;
				CLANG_WARN_DEPRECATED_OBJC_IMPLEMENTATIONS = YES;
				CLANG_WARN_DIRECT_OBJC_ISA_USAGE = YES_ERROR;
				CLANG_WARN_DOCUMENTATION_COMMENTS = YES;
				CLANG_WARN_EMPTY_BODY = YES;
				CLANG_WARN_ENUM_CONVERSION = YES;
				CLANG_WARN_INFINITE_RECURSION = YES;
				CLANG_WARN_INT_CONVERSION = YES;
				CLANG_WARN_NON_LITERAL_NULL_CONVERSION = YES;
				CLANG_WARN_OBJC_IMPLICIT_RETAIN_SELF = YES;
				CLANG_WARN_OBJC_LITERAL_CONVERSION = YES;
				CLANG_WARN_OBJC_ROOT_CLASS = YES_ERROR;
				CLANG_WARN_RANGE_LOOP_ANALYSIS = YES;
				CLANG_WARN_STRICT_PROTOTYPES = YES;
				CLANG_WARN_SUSPICIOUS_MOVE = YES;
				CLANG_WARN_UNGUARDED_AVAILABILITY = YES_AGGRESSIVE;
				CLANG_WARN_UNREACHABLE_CODE = YES;
				CLANG_WARN__DUPLICATE_METHOD_MATCH = YES;
				COPY_PHASE_STRIP = NO;
				DEBUG_INFORMATION_FORMAT = dwarf;
				ENABLE_STRICT_OBJC_MSGSEND = YES;
				ENABLE_TESTABILITY = YES;
				GCC_C_LANGUAGE_STANDARD = gnu11;
				GCC_DYNAMIC_NO_PIC = NO;
				GCC_NO_COMMON_BLOCKS = YES;
				GCC_OPTIMIZATION_LEVEL = 0;
				GCC_PREPROCESSOR_DEFINITIONS = (
					"DEBUG=1",
					"$(inherited)",
				);
				GCC_WARN_64_TO_32_BIT_CONVERSION = YES;
				GCC_WARN_ABOUT_RETURN_TYPE = YES_ERROR;
				GCC_WARN_UNDECLARED_SELECTOR = YES;
				GCC_WARN_UNINITIALIZED_AUTOS = YES_AGGRESSIVE;
				GCC_WARN_UNUSED_FUNCTION = YES;
				GCC_WARN_UNUSED_VARIABLE = YES;
				IPHONEOS_DEPLOYMENT_TARGET = 13.1;
				MTL_ENABLE_DEBUG_INFO = INCLUDE_SOURCE;
				MTL_FAST_MATH = YES;
				ONLY_ACTIVE_ARCH = YES;
				SDKROOT = iphoneos;
				SWIFT_ACTIVE_COMPILATION_CONDITIONS = DEBUG;
				SWIFT_OPTIMIZATION_LEVEL = "-Onone";
			};
			name = Debug;
		};
		9951B7F423914BE900A897FF /* Release */ = {
			isa = XCBuildConfiguration;
			buildSettings = {
				ALWAYS_SEARCH_USER_PATHS = NO;
				CLANG_ANALYZER_NONNULL = YES;
				CLANG_ANALYZER_NUMBER_OBJECT_CONVERSION = YES_AGGRESSIVE;
				CLANG_CXX_LANGUAGE_STANDARD = "gnu++14";
				CLANG_CXX_LIBRARY = "libc++";
				CLANG_ENABLE_MODULES = YES;
				CLANG_ENABLE_OBJC_ARC = YES;
				CLANG_ENABLE_OBJC_WEAK = YES;
				CLANG_WARN_BLOCK_CAPTURE_AUTORELEASING = YES;
				CLANG_WARN_BOOL_CONVERSION = YES;
				CLANG_WARN_COMMA = YES;
				CLANG_WARN_CONSTANT_CONVERSION = YES;
				CLANG_WARN_DEPRECATED_OBJC_IMPLEMENTATIONS = YES;
				CLANG_WARN_DIRECT_OBJC_ISA_USAGE = YES_ERROR;
				CLANG_WARN_DOCUMENTATION_COMMENTS = YES;
				CLANG_WARN_EMPTY_BODY = YES;
				CLANG_WARN_ENUM_CONVERSION = YES;
				CLANG_WARN_INFINITE_RECURSION = YES;
				CLANG_WARN_INT_CONVERSION = YES;
				CLANG_WARN_NON_LITERAL_NULL_CONVERSION = YES;
				CLANG_WARN_OBJC_IMPLICIT_RETAIN_SELF = YES;
				CLANG_WARN_OBJC_LITERAL_CONVERSION = YES;
				CLANG_WARN_OBJC_ROOT_CLASS = YES_ERROR;
				CLANG_WARN_RANGE_LOOP_ANALYSIS = YES;
				CLANG_WARN_STRICT_PROTOTYPES = YES;
				CLANG_WARN_SUSPICIOUS_MOVE = YES;
				CLANG_WARN_UNGUARDED_AVAILABILITY = YES_AGGRESSIVE;
				CLANG_WARN_UNREACHABLE_CODE = YES;
				CLANG_WARN__DUPLICATE_METHOD_MATCH = YES;
				COPY_PHASE_STRIP = NO;
				DEBUG_INFORMATION_FORMAT = "dwarf-with-dsym";
				ENABLE_NS_ASSERTIONS = NO;
				ENABLE_STRICT_OBJC_MSGSEND = YES;
				GCC_C_LANGUAGE_STANDARD = gnu11;
				GCC_NO_COMMON_BLOCKS = YES;
				GCC_WARN_64_TO_32_BIT_CONVERSION = YES;
				GCC_WARN_ABOUT_RETURN_TYPE = YES_ERROR;
				GCC_WARN_UNDECLARED_SELECTOR = YES;
				GCC_WARN_UNINITIALIZED_AUTOS = YES_AGGRESSIVE;
				GCC_WARN_UNUSED_FUNCTION = YES;
				GCC_WARN_UNUSED_VARIABLE = YES;
				IPHONEOS_DEPLOYMENT_TARGET = 13.1;
				MTL_ENABLE_DEBUG_INFO = NO;
				MTL_FAST_MATH = YES;
				SDKROOT = iphoneos;
				SWIFT_COMPILATION_MODE = wholemodule;
				SWIFT_OPTIMIZATION_LEVEL = "-O";
				VALIDATE_PRODUCT = YES;
			};
			name = Release;
		};
		9951B7F623914BE900A897FF /* Debug */ = {
			isa = XCBuildConfiguration;
			buildSettings = {
				ASSETCATALOG_COMPILER_APPICON_NAME = AppIcon;
				CODE_SIGN_STYLE = Automatic;
				DEVELOPMENT_TEAM = 722SF2V9RH;
				INFOPLIST_FILE = PhysicsEffectDemo/Info.plist;
				LD_RUNPATH_SEARCH_PATHS = (
					"$(inherited)",
					"@executable_path/Frameworks",
				);
				PRODUCT_BUNDLE_IDENTIFIER = com.freniche.PhysicsEffectDemo;
				PRODUCT_NAME = "$(TARGET_NAME)";
				SWIFT_VERSION = 5.0;
				TARGETED_DEVICE_FAMILY = "1,2";
			};
			name = Debug;
		};
		9951B7F723914BE900A897FF /* Release */ = {
			isa = XCBuildConfiguration;
			buildSettings = {
				ASSETCATALOG_COMPILER_APPICON_NAME = AppIcon;
				CODE_SIGN_STYLE = Automatic;
				DEVELOPMENT_TEAM = 722SF2V9RH;
				INFOPLIST_FILE = PhysicsEffectDemo/Info.plist;
				LD_RUNPATH_SEARCH_PATHS = (
					"$(inherited)",
					"@executable_path/Frameworks",
				);
				PRODUCT_BUNDLE_IDENTIFIER = com.freniche.PhysicsEffectDemo;
				PRODUCT_NAME = "$(TARGET_NAME)";
				SWIFT_VERSION = 5.0;
				TARGETED_DEVICE_FAMILY = "1,2";
			};
			name = Release;
		};
/* End XCBuildConfiguration section */

/* Begin XCConfigurationList section */
		9951B7DC23914BE700A897FF /* Build configuration list for PBXProject "PhysicsEffectDemo" */ = {
			isa = XCConfigurationList;
			buildConfigurations = (
				9951B7F323914BE900A897FF /* Debug */,
				9951B7F423914BE900A897FF /* Release */,
			);
			defaultConfigurationIsVisible = 0;
			defaultConfigurationName = Release;
		};
		9951B7F523914BE900A897FF /* Build configuration list for PBXNativeTarget "PhysicsEffectDemo" */ = {
			isa = XCConfigurationList;
			buildConfigurations = (
				9951B7F623914BE900A897FF /* Debug */,
				9951B7F723914BE900A897FF /* Release */,
			);
			defaultConfigurationIsVisible = 0;
			defaultConfigurationName = Release;
		};
/* End XCConfigurationList section */
	};
	rootObject = 9951B7D923914BE700A897FF /* Project object */;
}
